
Microsoft Visual Studio Solution File, Format Version 12.00
# Visual Studio Version 16
VisualStudioVersion = 16.0.35826.135
MinimumVisualStudioVersion = 10.0.40219.1
Project("{FAE04EC0-301F-11D3-BF4B-00C04F79EFBC}") = "Sistema", "Sistema.csproj", "{2CE91B23-0A00-44F0-9D8A-31536F8CB326}"
EndProject
Project("{FAE04EC0-301F-11D3-BF4B-00C04F79EFBC}") = "sistema_DAL", "..\sistema_DAL\sistema_DAL.csproj", "{ABA1A471-3AD7-4F4D-9E7F-050096FE5525}"
EndProject
Global
	GlobalSection(SolutionConfigurationPlatforms) = preSolution
		Debug|Any CPU = Debug|Any CPU
		Release|Any CPU = Release|Any CPU
	EndGlobalSection
	GlobalSection(ProjectConfigurationPlatforms) = postSolution
		{2CE91B23-0A00-44F0-9D8A-31536F8CB326}.Debug|Any CPU.ActiveCfg = Debug|Any CPU
		{2CE91B23-0A00-44F0-9D8A-31536F8CB326}.Debug|Any CPU.Build.0 = Debug|Any CPU
		{2CE91B23-0A00-44F0-9D8A-31536F8CB326}.Release|Any CPU.ActiveCfg = Release|Any CPU
		{2CE91B23-0A00-44F0-9D8A-31536F8CB326}.Release|Any CPU.Build.0 = Release|Any CPU
		{ABA1A471-3AD7-4F4D-9E7F-050096FE5525}.Debug|Any CPU.ActiveCfg = Debug|Any CPU
		{ABA1A471-3AD7-4F4D-9E7F-050096FE5525}.Debug|Any CPU.Build.0 = Debug|Any CPU
		{ABA1A471-3AD7-4F4D-9E7F-050096FE5525}.Release|Any CPU.ActiveCfg = Release|Any CPU
		{ABA1A471-3AD7-4F4D-9E7F-050096FE5525}.Release|Any CPU.Build.0 = Release|Any CPU
	EndGlobalSection
	GlobalSection(SolutionProperties) = preSolution
		HideSolutionNode = FALSE
	EndGlobalSection
	GlobalSection(ExtensibilityGlobals) = postSolution
		SolutionGuid = {6191BD26-DE34-4726-81F8-2BDB4213DBA2}
	EndGlobalSection
EndGlobal
